// !$*UTF8*$!
{
	archiveVersion = 1;
	classes = {
	};
	objectVersion = 56;
	objects = {

/* Begin PBXBuildFile section */
		4D1BDA062D4502B0009D0078 /* CitiesListViewModel.swift in Sources */ = {isa = PBXBuildFile; fileRef = 4D1BDA052D4502B0009D0078 /* CitiesListViewModel.swift */; };
		4D42B78C2D457CBA001AD965 /* ForecastViewModel.swift in Sources */ = {isa = PBXBuildFile; fileRef = 4D42B78B2D457CBA001AD965 /* ForecastViewModel.swift */; };
		4D8642D52D45062F00AC5D5C /* Forecast.swift in Sources */ = {isa = PBXBuildFile; fileRef = 4D8642D42D45062F00AC5D5C /* Forecast.swift */; };
		4D8642D72D4511DF00AC5D5C /* ApiService.swift in Sources */ = {isa = PBXBuildFile; fileRef = 4D8642D62D4511DF00AC5D5C /* ApiService.swift */; };
		4DADD8272D44F76B0043628F /* WeatherAppApp.swift in Sources */ = {isa = PBXBuildFile; fileRef = 4DADD8262D44F76B0043628F /* WeatherAppApp.swift */; };
		4DADD82B2D44F76D0043628F /* Assets.xcassets in Resources */ = {isa = PBXBuildFile; fileRef = 4DADD82A2D44F76D0043628F /* Assets.xcassets */; };
		4DADD82E2D44F76D0043628F /* Preview Assets.xcassets in Resources */ = {isa = PBXBuildFile; fileRef = 4DADD82D2D44F76D0043628F /* Preview Assets.xcassets */; };
		4DBD0C4F2D45332600BFB993 /* LocationManager.swift in Sources */ = {isa = PBXBuildFile; fileRef = 4DBD0C4E2D45332600BFB993 /* LocationManager.swift */; };
		4DC21C232D458AD900B6D124 /* CircularProgressView.swift in Sources */ = {isa = PBXBuildFile; fileRef = 4DC21C222D458AD900B6D124 /* CircularProgressView.swift */; };
		4DDE5C3D2D44F98A00BBF8AA /* TabBarController.swift in Sources */ = {isa = PBXBuildFile; fileRef = 4DDE5C3C2D44F98A00BBF8AA /* TabBarController.swift */; };
		4DDE5C3F2D44FABE00BBF8AA /* ListView.swift in Sources */ = {isa = PBXBuildFile; fileRef = 4DDE5C3E2D44FABE00BBF8AA /* ListView.swift */; };
		4DDE5C412D44FACE00BBF8AA /* DetailsView.swift in Sources */ = {isa = PBXBuildFile; fileRef = 4DDE5C402D44FACE00BBF8AA /* DetailsView.swift */; };
		4DDE5C432D44FAEC00BBF8AA /* SettingsView.swift in Sources */ = {isa = PBXBuildFile; fileRef = 4DDE5C422D44FAEC00BBF8AA /* SettingsView.swift */; };
/* End PBXBuildFile section */

/* Begin PBXFileReference section */
		4D1BDA052D4502B0009D0078 /* CitiesListViewModel.swift */ = {isa = PBXFileReference; lastKnownFileType = sourcecode.swift; path = CitiesListViewModel.swift; sourceTree = "<group>"; };
		4D42B78B2D457CBA001AD965 /* ForecastViewModel.swift */ = {isa = PBXFileReference; lastKnownFileType = sourcecode.swift; path = ForecastViewModel.swift; sourceTree = "<group>"; };
		4D8642D42D45062F00AC5D5C /* Forecast.swift */ = {isa = PBXFileReference; lastKnownFileType = sourcecode.swift; path = Forecast.swift; sourceTree = "<group>"; };
		4D8642D62D4511DF00AC5D5C /* ApiService.swift */ = {isa = PBXFileReference; lastKnownFileType = sourcecode.swift; path = ApiService.swift; sourceTree = "<group>"; };
		4DADD8232D44F76B0043628F /* WeatherApp.app */ = {isa = PBXFileReference; explicitFileType = wrapper.application; includeInIndex = 0; path = WeatherApp.app; sourceTree = BUILT_PRODUCTS_DIR; };
		4DADD8262D44F76B0043628F /* WeatherAppApp.swift */ = {isa = PBXFileReference; lastKnownFileType = sourcecode.swift; path = WeatherAppApp.swift; sourceTree = "<group>"; };
		4DADD82A2D44F76D0043628F /* Assets.xcassets */ = {isa = PBXFileReference; lastKnownFileType = folder.assetcatalog; path = Assets.xcassets; sourceTree = "<group>"; };
		4DADD82D2D44F76D0043628F /* Preview Assets.xcassets */ = {isa = PBXFileReference; lastKnownFileType = folder.assetcatalog; path = "Preview Assets.xcassets"; sourceTree = "<group>"; };
		4DBD0C4E2D45332600BFB993 /* LocationManager.swift */ = {isa = PBXFileReference; lastKnownFileType = sourcecode.swift; path = LocationManager.swift; sourceTree = "<group>"; };
		4DC21C222D458AD900B6D124 /* CircularProgressView.swift */ = {isa = PBXFileReference; lastKnownFileType = sourcecode.swift; path = CircularProgressView.swift; sourceTree = "<group>"; };
		4DDE5C3C2D44F98A00BBF8AA /* TabBarController.swift */ = {isa = PBXFileReference; lastKnownFileType = sourcecode.swift; path = TabBarController.swift; sourceTree = "<group>"; };
		4DDE5C3E2D44FABE00BBF8AA /* ListView.swift */ = {isa = PBXFileReference; lastKnownFileType = sourcecode.swift; path = ListView.swift; sourceTree = "<group>"; };
		4DDE5C402D44FACE00BBF8AA /* DetailsView.swift */ = {isa = PBXFileReference; lastKnownFileType = sourcecode.swift; path = DetailsView.swift; sourceTree = "<group>"; };
		4DDE5C422D44FAEC00BBF8AA /* SettingsView.swift */ = {isa = PBXFileReference; lastKnownFileType = sourcecode.swift; path = SettingsView.swift; sourceTree = "<group>"; };
/* End PBXFileReference section */

/* Begin PBXFrameworksBuildPhase section */
		4DADD8202D44F76B0043628F /* Frameworks */ = {
			isa = PBXFrameworksBuildPhase;
			buildActionMask = 2147483647;
			files = (
			);
			runOnlyForDeploymentPostprocessing = 0;
		};
/* End PBXFrameworksBuildPhase section */

/* Begin PBXGroup section */
		4D1BD9FF2D4501E2009D0078 /* Resources */ = {
			isa = PBXGroup;
			children = (
				4DADD82A2D44F76D0043628F /* Assets.xcassets */,
			);
			path = Resources;
			sourceTree = "<group>";
		};
		4D1BDA002D4501F3009D0078 /* Services */ = {
			isa = PBXGroup;
			children = (
				4D8642D62D4511DF00AC5D5C /* ApiService.swift */,
				4DBD0C4E2D45332600BFB993 /* LocationManager.swift */,
			);
			path = Services;
			sourceTree = "<group>";
		};
		4D1BDA012D450210009D0078 /* Features */ = {
			isa = PBXGroup;
			children = (
				4D8642D22D45061D00AC5D5C /* Cities */,
				4D1BDA042D450228009D0078 /* Settings */,
			);
			path = Features;
			sourceTree = "<group>";
		};
		4D1BDA022D450214009D0078 /* List */ = {
			isa = PBXGroup;
			children = (
				4DDE5C3E2D44FABE00BBF8AA /* ListView.swift */,
				4D1BDA052D4502B0009D0078 /* CitiesListViewModel.swift */,
			);
			path = List;
			sourceTree = "<group>";
		};
		4D1BDA032D45021C009D0078 /* Details */ = {
			isa = PBXGroup;
			children = (
				4DDE5C402D44FACE00BBF8AA /* DetailsView.swift */,
				4D42B78B2D457CBA001AD965 /* ForecastViewModel.swift */,
			);
			path = Details;
			sourceTree = "<group>";
		};
		4D1BDA042D450228009D0078 /* Settings */ = {
			isa = PBXGroup;
			children = (
				4DDE5C422D44FAEC00BBF8AA /* SettingsView.swift */,
			);
			path = Settings;
			sourceTree = "<group>";
		};
		4D8642D22D45061D00AC5D5C /* Cities */ = {
			isa = PBXGroup;
			children = (
				4D8642D32D45062900AC5D5C /* Model */,
				4D1BDA032D45021C009D0078 /* Details */,
				4D1BDA022D450214009D0078 /* List */,
				4DC21C222D458AD900B6D124 /* CircularProgressView.swift */,
			);
			path = Cities;
			sourceTree = "<group>";
		};
		4D8642D32D45062900AC5D5C /* Model */ = {
			isa = PBXGroup;
			children = (
				4D8642D42D45062F00AC5D5C /* Forecast.swift */,
			);
			path = Model;
			sourceTree = "<group>";
		};
		4DADD81A2D44F76B0043628F = {
			isa = PBXGroup;
			children = (
				4DADD8252D44F76B0043628F /* WeatherApp */,
				4DADD8242D44F76B0043628F /* Products */,
			);
			sourceTree = "<group>";
		};
		4DADD8242D44F76B0043628F /* Products */ = {
			isa = PBXGroup;
			children = (
				4DADD8232D44F76B0043628F /* WeatherApp.app */,
			);
			name = Products;
			sourceTree = "<group>";
		};
		4DADD8252D44F76B0043628F /* WeatherApp */ = {
			isa = PBXGroup;
			children = (
				4DADD82C2D44F76D0043628F /* Preview Content */,
				4D1BDA012D450210009D0078 /* Features */,
				4DDE5C3C2D44F98A00BBF8AA /* TabBarController.swift */,
				4D1BDA002D4501F3009D0078 /* Services */,
				4D1BD9FF2D4501E2009D0078 /* Resources */,
				4DADD8262D44F76B0043628F /* WeatherAppApp.swift */,
			);
			path = WeatherApp;
			sourceTree = "<group>";
		};
		4DADD82C2D44F76D0043628F /* Preview Content */ = {
			isa = PBXGroup;
			children = (
				4DADD82D2D44F76D0043628F /* Preview Assets.xcassets */,
			);
			path = "Preview Content";
			sourceTree = "<group>";
		};
/* End PBXGroup section */

/* Begin PBXNativeTarget section */
		4DADD8222D44F76B0043628F /* WeatherApp */ = {
			isa = PBXNativeTarget;
			buildConfigurationList = 4DADD8312D44F76D0043628F /* Build configuration list for PBXNativeTarget "WeatherApp" */;
			buildPhases = (
				4DADD81F2D44F76B0043628F /* Sources */,
				4DADD8202D44F76B0043628F /* Frameworks */,
				4DADD8212D44F76B0043628F /* Resources */,
			);
			buildRules = (
			);
			dependencies = (
			);
			name = WeatherApp;
			productName = WeatherApp;
			productReference = 4DADD8232D44F76B0043628F /* WeatherApp.app */;
			productType = "com.apple.product-type.application";
		};
/* End PBXNativeTarget section */

/* Begin PBXProject section */
		4DADD81B2D44F76B0043628F /* Project object */ = {
			isa = PBXProject;
			attributes = {
				BuildIndependentTargetsInParallel = 1;
				LastSwiftUpdateCheck = 1520;
				LastUpgradeCheck = 1520;
				TargetAttributes = {
					4DADD8222D44F76B0043628F = {
						CreatedOnToolsVersion = 15.2;
					};
				};
			};
			buildConfigurationList = 4DADD81E2D44F76B0043628F /* Build configuration list for PBXProject "WeatherApp" */;
			compatibilityVersion = "Xcode 14.0";
			developmentRegion = en;
			hasScannedForEncodings = 0;
			knownRegions = (
				en,
				Base,
			);
			mainGroup = 4DADD81A2D44F76B0043628F;
			productRefGroup = 4DADD8242D44F76B0043628F /* Products */;
			projectDirPath = "";
			projectRoot = "";
			targets = (
				4DADD8222D44F76B0043628F /* WeatherApp */,
			);
		};
/* End PBXProject section */

/* Begin PBXResourcesBuildPhase section */
		4DADD8212D44F76B0043628F /* Resources */ = {
			isa = PBXResourcesBuildPhase;
			buildActionMask = 2147483647;
			files = (
				4DADD82E2D44F76D0043628F /* Preview Assets.xcassets in Resources */,
				4DADD82B2D44F76D0043628F /* Assets.xcassets in Resources */,
			);
			runOnlyForDeploymentPostprocessing = 0;
		};
/* End PBXResourcesBuildPhase section */

/* Begin PBXSourcesBuildPhase section */
		4DADD81F2D44F76B0043628F /* Sources */ = {
			isa = PBXSourcesBuildPhase;
			buildActionMask = 2147483647;
			files = (
				4DDE5C3F2D44FABE00BBF8AA /* ListView.swift in Sources */,
				4DDE5C412D44FACE00BBF8AA /* DetailsView.swift in Sources */,
				4DDE5C3D2D44F98A00BBF8AA /* TabBarController.swift in Sources */,
				4DDE5C432D44FAEC00BBF8AA /* SettingsView.swift in Sources */,
				4DADD8272D44F76B0043628F /* WeatherAppApp.swift in Sources */,
				4D1BDA062D4502B0009D0078 /* CitiesListViewModel.swift in Sources */,
				4D8642D72D4511DF00AC5D5C /* ApiService.swift in Sources */,
				4D8642D52D45062F00AC5D5C /* Forecast.swift in Sources */,
				4DBD0C4F2D45332600BFB993 /* LocationManager.swift in Sources */,
				4D42B78C2D457CBA001AD965 /* ForecastViewModel.swift in Sources */,
				4DC21C232D458AD900B6D124 /* CircularProgressView.swift in Sources */,
			);
			runOnlyForDeploymentPostprocessing = 0;
		};
/* End PBXSourcesBuildPhase section */

/* Begin XCBuildConfiguration section */
		4DADD82F2D44F76D0043628F /* Debug */ = {
			isa = XCBuildConfiguration;
			buildSettings = {
				ALWAYS_SEARCH_USER_PATHS = NO;
				ASSETCATALOG_COMPILER_GENERATE_SWIFT_ASSET_SYMBOL_EXTENSIONS = YES;
				CLANG_ANALYZER_NONNULL = YES;
				CLANG_ANALYZER_NUMBER_OBJECT_CONVERSION = YES_AGGRESSIVE;
				CLANG_CXX_LANGUAGE_STANDARD = "gnu++20";
				CLANG_ENABLE_MODULES = YES;
				CLANG_ENABLE_OBJC_ARC = YES;
				CLANG_ENABLE_OBJC_WEAK = YES;
				CLANG_WARN_BLOCK_CAPTURE_AUTORELEASING = YES;
				CLANG_WARN_BOOL_CONVERSION = YES;
				CLANG_WARN_COMMA = YES;
				CLANG_WARN_CONSTANT_CONVERSION = YES;
				CLANG_WARN_DEPRECATED_OBJC_IMPLEMENTATIONS = YES;
				CLANG_WARN_DIRECT_OBJC_ISA_USAGE = YES_ERROR;
				CLANG_WARN_DOCUMENTATION_COMMENTS = YES;
				CLANG_WARN_EMPTY_BODY = YES;
				CLANG_WARN_ENUM_CONVERSION = YES;
				CLANG_WARN_INFINITE_RECURSION = YES;
				CLANG_WARN_INT_CONVERSION = YES;
				CLANG_WARN_NON_LITERAL_NULL_CONVERSION = YES;
				CLANG_WARN_OBJC_IMPLICIT_RETAIN_SELF = YES;
				CLANG_WARN_OBJC_LITERAL_CONVERSION = YES;
				CLANG_WARN_OBJC_ROOT_CLASS = YES_ERROR;
				CLANG_WARN_QUOTED_INCLUDE_IN_FRAMEWORK_HEADER = YES;
				CLANG_WARN_RANGE_LOOP_ANALYSIS = YES;
				CLANG_WARN_STRICT_PROTOTYPES = YES;
				CLANG_WARN_SUSPICIOUS_MOVE = YES;
				CLANG_WARN_UNGUARDED_AVAILABILITY = YES_AGGRESSIVE;
				CLANG_WARN_UNREACHABLE_CODE = YES;
				CLANG_WARN__DUPLICATE_METHOD_MATCH = YES;
				COPY_PHASE_STRIP = NO;
				DEBUG_INFORMATION_FORMAT = dwarf;
				ENABLE_STRICT_OBJC_MSGSEND = YES;
				ENABLE_TESTABILITY = YES;
				ENABLE_USER_SCRIPT_SANDBOXING = YES;
				GCC_C_LANGUAGE_STANDARD = gnu17;
				GCC_DYNAMIC_NO_PIC = NO;
				GCC_NO_COMMON_BLOCKS = YES;
				GCC_OPTIMIZATION_LEVEL = 0;
				GCC_PREPROCESSOR_DEFINITIONS = (
					"DEBUG=1",
					"$(inherited)",
				);
				GCC_WARN_64_TO_32_BIT_CONVERSION = YES;
				GCC_WARN_ABOUT_RETURN_TYPE = YES_ERROR;
				GCC_WARN_UNDECLARED_SELECTOR = YES;
				GCC_WARN_UNINITIALIZED_AUTOS = YES_AGGRESSIVE;
				GCC_WARN_UNUSED_FUNCTION = YES;
				GCC_WARN_UNUSED_VARIABLE = YES;
				IPHONEOS_DEPLOYMENT_TARGET = 17.2;
				LOCALIZATION_PREFERS_STRING_CATALOGS = YES;
				MTL_ENABLE_DEBUG_INFO = INCLUDE_SOURCE;
				MTL_FAST_MATH = YES;
				ONLY_ACTIVE_ARCH = YES;
				SDKROOT = iphoneos;
				SWIFT_ACTIVE_COMPILATION_CONDITIONS = "DEBUG $(inherited)";
				SWIFT_OPTIMIZATION_LEVEL = "-Onone";
			};
			name = Debug;
		};
		4DADD8302D44F76D0043628F /* Release */ = {
			isa = XCBuildConfiguration;
			buildSettings = {
				ALWAYS_SEARCH_USER_PATHS = NO;
				ASSETCATALOG_COMPILER_GENERATE_SWIFT_ASSET_SYMBOL_EXTENSIONS = YES;
				CLANG_ANALYZER_NONNULL = YES;
				CLANG_ANALYZER_NUMBER_OBJECT_CONVERSION = YES_AGGRESSIVE;
				CLANG_CXX_LANGUAGE_STANDARD = "gnu++20";
				CLANG_ENABLE_MODULES = YES;
				CLANG_ENABLE_OBJC_ARC = YES;
				CLANG_ENABLE_OBJC_WEAK = YES;
				CLANG_WARN_BLOCK_CAPTURE_AUTORELEASING = YES;
				CLANG_WARN_BOOL_CONVERSION = YES;
				CLANG_WARN_COMMA = YES;
				CLANG_WARN_CONSTANT_CONVERSION = YES;
				CLANG_WARN_DEPRECATED_OBJC_IMPLEMENTATIONS = YES;
				CLANG_WARN_DIRECT_OBJC_ISA_USAGE = YES_ERROR;
				CLANG_WARN_DOCUMENTATION_COMMENTS = YES;
				CLANG_WARN_EMPTY_BODY = YES;
				CLANG_WARN_ENUM_CONVERSION = YES;
				CLANG_WARN_INFINITE_RECURSION = YES;
				CLANG_WARN_INT_CONVERSION = YES;
				CLANG_WARN_NON_LITERAL_NULL_CONVERSION = YES;
				CLANG_WARN_OBJC_IMPLICIT_RETAIN_SELF = YES;
				CLANG_WARN_OBJC_LITERAL_CONVERSION = YES;
				CLANG_WARN_OBJC_ROOT_CLASS = YES_ERROR;
				CLANG_WARN_QUOTED_INCLUDE_IN_FRAMEWORK_HEADER = YES;
				CLANG_WARN_RANGE_LOOP_ANALYSIS = YES;
				CLANG_WARN_STRICT_PROTOTYPES = YES;
				CLANG_WARN_SUSPICIOUS_MOVE = YES;
				CLANG_WARN_UNGUARDED_AVAILABILITY = YES_AGGRESSIVE;
				CLANG_WARN_UNREACHABLE_CODE = YES;
				CLANG_WARN__DUPLICATE_METHOD_MATCH = YES;
				COPY_PHASE_STRIP = NO;
				DEBUG_INFORMATION_FORMAT = "dwarf-with-dsym";
				ENABLE_NS_ASSERTIONS = NO;
				ENABLE_STRICT_OBJC_MSGSEND = YES;
				ENABLE_USER_SCRIPT_SANDBOXING = YES;
				GCC_C_LANGUAGE_STANDARD = gnu17;
				GCC_NO_COMMON_BLOCKS = YES;
				GCC_WARN_64_TO_32_BIT_CONVERSION = YES;
				GCC_WARN_ABOUT_RETURN_TYPE = YES_ERROR;
				GCC_WARN_UNDECLARED_SELECTOR = YES;
				GCC_WARN_UNINITIALIZED_AUTOS = YES_AGGRESSIVE;
				GCC_WARN_UNUSED_FUNCTION = YES;
				GCC_WARN_UNUSED_VARIABLE = YES;
				IPHONEOS_DEPLOYMENT_TARGET = 17.2;
				LOCALIZATION_PREFERS_STRING_CATALOGS = YES;
				MTL_ENABLE_DEBUG_INFO = NO;
				MTL_FAST_MATH = YES;
				SDKROOT = iphoneos;
				SWIFT_COMPILATION_MODE = wholemodule;
				VALIDATE_PRODUCT = YES;
			};
			name = Release;
		};
		4DADD8322D44F76D0043628F /* Debug */ = {
			isa = XCBuildConfiguration;
			buildSettings = {
				ASSETCATALOG_COMPILER_APPICON_NAME = AppIcon;
				ASSETCATALOG_COMPILER_GLOBAL_ACCENT_COLOR_NAME = AccentColor;
				CODE_SIGN_STYLE = Automatic;
				CURRENT_PROJECT_VERSION = 1;
				DEVELOPMENT_ASSET_PATHS = "\"WeatherApp/Preview Content\"";
				ENABLE_PREVIEWS = YES;
				GENERATE_INFOPLIST_FILE = YES;
				INFOPLIST_KEY_NSLocationWhenInUseUsageDescription = "Hi, we need this, please allow";
				INFOPLIST_KEY_UIApplicationSceneManifest_Generation = YES;
				INFOPLIST_KEY_UIApplicationSupportsIndirectInputEvents = YES;
				INFOPLIST_KEY_UILaunchScreen_Generation = YES;
				INFOPLIST_KEY_UISupportedInterfaceOrientations_iPad = "UIInterfaceOrientationPortrait UIInterfaceOrientationPortraitUpsideDown UIInterfaceOrientationLandscapeLeft UIInterfaceOrientationLandscapeRight";
				INFOPLIST_KEY_UISupportedInterfaceOrientations_iPhone = "UIInterfaceOrientationPortrait UIInterfaceOrientationLandscapeLeft UIInterfaceOrientationLandscapeRight";
				LD_RUNPATH_SEARCH_PATHS = (
					"$(inherited)",
					"@executable_path/Frameworks",
				);
				MARKETING_VERSION = 1.0;
				PRODUCT_BUNDLE_IDENTIFIER = com.happysoftdev.WeatherApp;
				PRODUCT_NAME = "$(TARGET_NAME)";
				SWIFT_EMIT_LOC_STRINGS = YES;
				SWIFT_VERSION = 5.0;
				TARGETED_DEVICE_FAMILY = "1,2";
			};
			name = Debug;
		};
		4DADD8332D44F76D0043628F /* Release */ = {
			isa = XCBuildConfiguration;
			buildSettings = {
				ASSETCATALOG_COMPILER_APPICON_NAME = AppIcon;
				ASSETCATALOG_COMPILER_GLOBAL_ACCENT_COLOR_NAME = AccentColor;
				CODE_SIGN_STYLE = Automatic;
				CURRENT_PROJECT_VERSION = 1;
				DEVELOPMENT_ASSET_PATHS = "\"WeatherApp/Preview Content\"";
				ENABLE_PREVIEWS = YES;
				GENERATE_INFOPLIST_FILE = YES;
				INFOPLIST_KEY_NSLocationWhenInUseUsageDescription = "Hi, we need this, please allow";
				INFOPLIST_KEY_UIApplicationSceneManifest_Generation = YES;
				INFOPLIST_KEY_UIApplicationSupportsIndirectInputEvents = YES;
				INFOPLIST_KEY_UILaunchScreen_Generation = YES;
				INFOPLIST_KEY_UISupportedInterfaceOrientations_iPad = "UIInterfaceOrientationPortrait UIInterfaceOrientationPortraitUpsideDown UIInterfaceOrientationLandscapeLeft UIInterfaceOrientationLandscapeRight";
				INFOPLIST_KEY_UISupportedInterfaceOrientations_iPhone = "UIInterfaceOrientationPortrait UIInterfaceOrientationLandscapeLeft UIInterfaceOrientationLandscapeRight";
				LD_RUNPATH_SEARCH_PATHS = (
					"$(inherited)",
					"@executable_path/Frameworks",
				);
				MARKETING_VERSION = 1.0;
				PRODUCT_BUNDLE_IDENTIFIER = com.happysoftdev.WeatherApp;
				PRODUCT_NAME = "$(TARGET_NAME)";
				SWIFT_EMIT_LOC_STRINGS = YES;
				SWIFT_VERSION = 5.0;
				TARGETED_DEVICE_FAMILY = "1,2";
			};
			name = Release;
		};
/* End XCBuildConfiguration section */

/* Begin XCConfigurationList section */
		4DADD81E2D44F76B0043628F /* Build configuration list for PBXProject "WeatherApp" */ = {
			isa = XCConfigurationList;
			buildConfigurations = (
				4DADD82F2D44F76D0043628F /* Debug */,
				4DADD8302D44F76D0043628F /* Release */,
			);
			defaultConfigurationIsVisible = 0;
			defaultConfigurationName = Release;
		};
		4DADD8312D44F76D0043628F /* Build configuration list for PBXNativeTarget "WeatherApp" */ = {
			isa = XCConfigurationList;
			buildConfigurations = (
				4DADD8322D44F76D0043628F /* Debug */,
				4DADD8332D44F76D0043628F /* Release */,
			);
			defaultConfigurationIsVisible = 0;
			defaultConfigurationName = Release;
		};
/* End XCConfigurationList section */
	};
	rootObject = 4DADD81B2D44F76B0043628F /* Project object */;
}
